
Microsoft Visual Studio Solution File, Format Version 12.00
# Visual Studio Version 16
VisualStudioVersion = 16.0.29411.108
MinimumVisualStudioVersion = 10.0.40219.1
Project("{FAE04EC0-301F-11D3-BF4B-00C04F79EFBC}") = "Editor Imágenes", "Editor Imágenes\Editor Imágenes.csproj", "{4FD03649-3AC2-49EB-ABB4-EA5417646F9B}"
EndProject
Global
	GlobalSection(SolutionConfigurationPlatforms) = preSolution
		Debug|Any CPU = Debug|Any CPU
		Release|Any CPU = Release|Any CPU
	EndGlobalSection
	GlobalSection(ProjectConfigurationPlatforms) = postSolution
		{4FD03649-3AC2-49EB-ABB4-EA5417646F9B}.Debug|Any CPU.ActiveCfg = Debug|Any CPU
		{4FD03649-3AC2-49EB-ABB4-EA5417646F9B}.Debug|Any CPU.Build.0 = Debug|Any CPU
		{4FD03649-3AC2-49EB-ABB4-EA5417646F9B}.Release|Any CPU.ActiveCfg = Release|Any CPU
		{4FD03649-3AC2-49EB-ABB4-EA5417646F9B}.Release|Any CPU.Build.0 = Release|Any CPU
	EndGlobalSection
	GlobalSection(SolutionProperties) = preSolution
		HideSolutionNode = FALSE
	EndGlobalSection
	GlobalSection(ExtensibilityGlobals) = postSolution
		SolutionGuid = {35228BDD-F251-41C5-A969-826838E0DF11}
	EndGlobalSection
EndGlobal
